
Microsoft Visual Studio Solution File, Format Version 12.00
# Visual Studio Version 16
VisualStudioVersion = 16.0.29123.88
MinimumVisualStudioVersion = 10.0.40219.1
Project("{9A19103F-16F7-4668-BE54-9A1E7A4F7556}") = "PorwalGeneralStore.BusinessLayer", "PorwalGeneralStore.BusinessLayer\PorwalGeneralStore.BusinessLayer.csproj", "{298E34B2-751B-4810-840D-98107EC3B76B}"
EndProject
Project("{9A19103F-16F7-4668-BE54-9A1E7A4F7556}") = "PorwalGeneralStore.DataAccessLayer", "PorwalGeneralStore.DataAccessLayer\PorwalGeneralStore.DataAccessLayer.csproj", "{AE48FBC6-95B4-4A99-ACEB-D0843E98F3C2}"
EndProject
Project("{9A19103F-16F7-4668-BE54-9A1E7A4F7556}") = "PorwalGeneralStore.Utility", "PorwalGeneralStore.Utility\PorwalGeneralStore.Utility.csproj", "{82E4E976-94D3-4536-8784-35D501D271FC}"
EndProject
Project("{9A19103F-16F7-4668-BE54-9A1E7A4F7556}") = "PorwalGeneralStore.EdmxModel", "PorwalGeneralStore.EdmxModel\PorwalGeneralStore.EdmxModel.csproj", "{FAE158BA-CEA0-4027-9382-0DAB3FDE5469}"
EndProject
Project("{9A19103F-16F7-4668-BE54-9A1E7A4F7556}") = "PorwalGeneralStore.DataModel", "PorwalGeneralStore.DataModel\PorwalGeneralStore.DataModel.csproj", "{0E7192E7-EE00-4733-9C5C-DB2548242BDF}"
EndProject
Project("{9A19103F-16F7-4668-BE54-9A1E7A4F7556}") = "PorwalGeneralStore.ThirdPartyIntegration", "PorwalGeneralStore.ThirdPartyIntegration\PorwalGeneralStore.ThirdPartyIntegration.csproj", "{9A3E35AC-6142-459C-83E1-58CE193618A8}"
EndProject
Project("{9A19103F-16F7-4668-BE54-9A1E7A4F7556}") = "PorwalGeneralStore.Global", "PorwalGeneralStore.Global\PorwalGeneralStore.Global.csproj", "{8D6C434C-E9E7-4163-8BEE-FDF6AF5B279F}"
EndProject
Project("{9A19103F-16F7-4668-BE54-9A1E7A4F7556}") = "PorwalGeneralStore.WebApi", "PorwalGeneralStore.WebApi\PorwalGeneralStore.WebApi.csproj", "{37E7E464-C7C3-46B8-B359-1F75FAB22D22}"
EndProject
Project("{9A19103F-16F7-4668-BE54-9A1E7A4F7556}") = "BaseWebApp", "BaseWebApp\BaseWebApp.csproj", "{1243B164-D01F-487F-99A9-7D76250AFEA9}"
EndProject
Project("{2150E333-8FDC-42A3-9474-1A3956D46DE8}") = "ProjectAsset", "ProjectAsset", "{3C535B4F-CB17-4C78-8B73-B7B9C1107F9D}"
EndProject
Project("{2150E333-8FDC-42A3-9474-1A3956D46DE8}") = "Sql", "Sql", "{4AF3E513-C8AC-49EE-8ACC-2793A6A3D43F}"
	ProjectSection(SolutionItems) = preProject
		ProjectAsset\Sql\CleanDeployment.sql = ProjectAsset\Sql\CleanDeployment.sql
		ProjectAsset\Sql\DBDDL.sql = ProjectAsset\Sql\DBDDL.sql
		ProjectAsset\Sql\DBDML.sql = ProjectAsset\Sql\DBDML.sql
		ProjectAsset\Sql\DBMigration.sql = ProjectAsset\Sql\DBMigration.sql
	EndProjectSection
EndProject
Project("{2150E333-8FDC-42A3-9474-1A3956D46DE8}") = "XunitTestProject", "XunitTestProject", "{E8A7079D-3341-4A8A-81D5-089BFB118E4E}"
EndProject
Project("{2150E333-8FDC-42A3-9474-1A3956D46DE8}") = "BusinessUnitTest", "BusinessUnitTest", "{2BFC22A7-AD61-4A19-9435-58957D6122E6}"
EndProject
Project("{2150E333-8FDC-42A3-9474-1A3956D46DE8}") = "ControllerUnitTest", "ControllerUnitTest", "{1C0B9008-1DE3-46CC-B2F5-B75A49B07FD5}"
EndProject
Project("{2150E333-8FDC-42A3-9474-1A3956D46DE8}") = "DataAccessLayerUnitTest", "DataAccessLayerUnitTest", "{D96A0FBD-CF72-44CC-9397-19979F35D5DE}"
EndProject
Project("{9A19103F-16F7-4668-BE54-9A1E7A4F7556}") = "InMemoryDbContext", "XunitTestProject\InMemoryDbContext\InMemoryDbContext.csproj", "{1F0E0EB8-3215-4302-8E75-F604690D225F}"
EndProject
Project("{9A19103F-16F7-4668-BE54-9A1E7A4F7556}") = "PorwalGeneralStore.XUnitTestUtility", "XunitTestProject\PorwalGeneralStore.XUnitTestUtility\PorwalGeneralStore.XUnitTestUtility.csproj", "{62F61262-B74B-4D3E-8351-0643862580C9}"
EndProject
Project("{9A19103F-16F7-4668-BE54-9A1E7A4F7556}") = "XUnitTestProductBizUnitTest", "XunitTestProject\BusinessUnitTest\XUnitTestProductBizUnitTest\XUnitTestProductBizUnitTest.csproj", "{0E266689-77A9-4D1C-B94D-DE613A708492}"
EndProject
Project("{9A19103F-16F7-4668-BE54-9A1E7A4F7556}") = "PorwalGeneralStore.XUnitTestProductController", "XunitTestProject\ControllerUnitTest\PorwalGeneralStore.XUnitTestProductController\PorwalGeneralStore.XUnitTestProductController.csproj", "{B4C117D4-E137-4473-8539-276C04886C3F}"
EndProject
Project("{9A19103F-16F7-4668-BE54-9A1E7A4F7556}") = "XUnitTestProductDataAccessLayerUnitTest", "XunitTestProject\DataAccessLayerUnitTest\XUnitTestProductDataAccessLayerUnitTest\XUnitTestProductDataAccessLayerUnitTest.csproj", "{571B50F6-48F2-44CF-8096-C3D52492C5F0}"
EndProject
Project("{9A19103F-16F7-4668-BE54-9A1E7A4F7556}") = "XUnitTestUserBizUnitTest", "XunitTestProject\BusinessUnitTest\XUnitTestUserBizUnitTest\XUnitTestUserBizUnitTest.csproj", "{C7716EA5-730E-409E-8A0B-C074A49B0E31}"
EndProject
Project("{9A19103F-16F7-4668-BE54-9A1E7A4F7556}") = "XUnitTestUserDataAccessLayerUnitTest", "XunitTestProject\DataAccessLayerUnitTest\XUnitTestUserDataAccessLayerUnitTest\XUnitTestUserDataAccessLayerUnitTest.csproj", "{6F91ACDC-AB9A-43FA-B513-C97D9B9F5A7E}"
EndProject
Project("{9A19103F-16F7-4668-BE54-9A1E7A4F7556}") = "PorwalGeneralStore.HttpWebRequestClientLibrary", "PorwalGeneralStore.HttpWebRequestClientLibrary\PorwalGeneralStore.HttpWebRequestClientLibrary.csproj", "{F97D0AA5-07AA-4B55-9AE4-1B3DF3BE7E03}"
EndProject
Project("{FAE04EC0-301F-11D3-BF4B-00C04F79EFBC}") = "XUnitTestHttpWebRequestClientLibraryUnitTest", "XunitTestProject\XUnitTestHttpWebRequestClientLibraryUnitTest\XUnitTestHttpWebRequestClientLibraryUnitTest.csproj", "{9FFFB86D-88DA-4932-A408-45DA6856B2F1}"
EndProject
Global
	GlobalSection(SolutionConfigurationPlatforms) = preSolution
		Debug|Any CPU = Debug|Any CPU
		Release|Any CPU = Release|Any CPU
	EndGlobalSection
	GlobalSection(ProjectConfigurationPlatforms) = postSolution
		{298E34B2-751B-4810-840D-98107EC3B76B}.Debug|Any CPU.ActiveCfg = Debug|Any CPU
		{298E34B2-751B-4810-840D-98107EC3B76B}.Debug|Any CPU.Build.0 = Debug|Any CPU
		{298E34B2-751B-4810-840D-98107EC3B76B}.Release|Any CPU.ActiveCfg = Release|Any CPU
		{298E34B2-751B-4810-840D-98107EC3B76B}.Release|Any CPU.Build.0 = Release|Any CPU
		{AE48FBC6-95B4-4A99-ACEB-D0843E98F3C2}.Debug|Any CPU.ActiveCfg = Debug|Any CPU
		{AE48FBC6-95B4-4A99-ACEB-D0843E98F3C2}.Debug|Any CPU.Build.0 = Debug|Any CPU
		{AE48FBC6-95B4-4A99-ACEB-D0843E98F3C2}.Release|Any CPU.ActiveCfg = Release|Any CPU
		{AE48FBC6-95B4-4A99-ACEB-D0843E98F3C2}.Release|Any CPU.Build.0 = Release|Any CPU
		{82E4E976-94D3-4536-8784-35D501D271FC}.Debug|Any CPU.ActiveCfg = Debug|Any CPU
		{82E4E976-94D3-4536-8784-35D501D271FC}.Debug|Any CPU.Build.0 = Debug|Any CPU
		{82E4E976-94D3-4536-8784-35D501D271FC}.Release|Any CPU.ActiveCfg = Release|Any CPU
		{82E4E976-94D3-4536-8784-35D501D271FC}.Release|Any CPU.Build.0 = Release|Any CPU
		{FAE158BA-CEA0-4027-9382-0DAB3FDE5469}.Debug|Any CPU.ActiveCfg = Debug|Any CPU
		{FAE158BA-CEA0-4027-9382-0DAB3FDE5469}.Debug|Any CPU.Build.0 = Debug|Any CPU
		{FAE158BA-CEA0-4027-9382-0DAB3FDE5469}.Release|Any CPU.ActiveCfg = Release|Any CPU
		{FAE158BA-CEA0-4027-9382-0DAB3FDE5469}.Release|Any CPU.Build.0 = Release|Any CPU
		{0E7192E7-EE00-4733-9C5C-DB2548242BDF}.Debug|Any CPU.ActiveCfg = Debug|Any CPU
		{0E7192E7-EE00-4733-9C5C-DB2548242BDF}.Debug|Any CPU.Build.0 = Debug|Any CPU
		{0E7192E7-EE00-4733-9C5C-DB2548242BDF}.Release|Any CPU.ActiveCfg = Release|Any CPU
		{0E7192E7-EE00-4733-9C5C-DB2548242BDF}.Release|Any CPU.Build.0 = Release|Any CPU
		{9A3E35AC-6142-459C-83E1-58CE193618A8}.Debug|Any CPU.ActiveCfg = Debug|Any CPU
		{9A3E35AC-6142-459C-83E1-58CE193618A8}.Debug|Any CPU.Build.0 = Debug|Any CPU
		{9A3E35AC-6142-459C-83E1-58CE193618A8}.Release|Any CPU.ActiveCfg = Release|Any CPU
		{9A3E35AC-6142-459C-83E1-58CE193618A8}.Release|Any CPU.Build.0 = Release|Any CPU
		{8D6C434C-E9E7-4163-8BEE-FDF6AF5B279F}.Debug|Any CPU.ActiveCfg = Debug|Any CPU
		{8D6C434C-E9E7-4163-8BEE-FDF6AF5B279F}.Debug|Any CPU.Build.0 = Debug|Any CPU
		{8D6C434C-E9E7-4163-8BEE-FDF6AF5B279F}.Release|Any CPU.ActiveCfg = Release|Any CPU
		{8D6C434C-E9E7-4163-8BEE-FDF6AF5B279F}.Release|Any CPU.Build.0 = Release|Any CPU
		{37E7E464-C7C3-46B8-B359-1F75FAB22D22}.Debug|Any CPU.ActiveCfg = Debug|Any CPU
		{37E7E464-C7C3-46B8-B359-1F75FAB22D22}.Debug|Any CPU.Build.0 = Debug|Any CPU
		{37E7E464-C7C3-46B8-B359-1F75FAB22D22}.Release|Any CPU.ActiveCfg = Release|Any CPU
		{37E7E464-C7C3-46B8-B359-1F75FAB22D22}.Release|Any CPU.Build.0 = Release|Any CPU
		{1243B164-D01F-487F-99A9-7D76250AFEA9}.Debug|Any CPU.ActiveCfg = Debug|Any CPU
		{1243B164-D01F-487F-99A9-7D76250AFEA9}.Debug|Any CPU.Build.0 = Debug|Any CPU
		{1243B164-D01F-487F-99A9-7D76250AFEA9}.Release|Any CPU.ActiveCfg = Release|Any CPU
		{1243B164-D01F-487F-99A9-7D76250AFEA9}.Release|Any CPU.Build.0 = Release|Any CPU
		{1F0E0EB8-3215-4302-8E75-F604690D225F}.Debug|Any CPU.ActiveCfg = Debug|Any CPU
		{1F0E0EB8-3215-4302-8E75-F604690D225F}.Debug|Any CPU.Build.0 = Debug|Any CPU
		{1F0E0EB8-3215-4302-8E75-F604690D225F}.Release|Any CPU.ActiveCfg = Release|Any CPU
		{1F0E0EB8-3215-4302-8E75-F604690D225F}.Release|Any CPU.Build.0 = Release|Any CPU
		{62F61262-B74B-4D3E-8351-0643862580C9}.Debug|Any CPU.ActiveCfg = Debug|Any CPU
		{62F61262-B74B-4D3E-8351-0643862580C9}.Debug|Any CPU.Build.0 = Debug|Any CPU
		{62F61262-B74B-4D3E-8351-0643862580C9}.Release|Any CPU.ActiveCfg = Release|Any CPU
		{62F61262-B74B-4D3E-8351-0643862580C9}.Release|Any CPU.Build.0 = Release|Any CPU
		{0E266689-77A9-4D1C-B94D-DE613A708492}.Debug|Any CPU.ActiveCfg = Debug|Any CPU
		{0E266689-77A9-4D1C-B94D-DE613A708492}.Debug|Any CPU.Build.0 = Debug|Any CPU
		{0E266689-77A9-4D1C-B94D-DE613A708492}.Release|Any CPU.ActiveCfg = Release|Any CPU
		{0E266689-77A9-4D1C-B94D-DE613A708492}.Release|Any CPU.Build.0 = Release|Any CPU
		{B4C117D4-E137-4473-8539-276C04886C3F}.Debug|Any CPU.ActiveCfg = Debug|Any CPU
		{B4C117D4-E137-4473-8539-276C04886C3F}.Debug|Any CPU.Build.0 = Debug|Any CPU
		{B4C117D4-E137-4473-8539-276C04886C3F}.Release|Any CPU.ActiveCfg = Release|Any CPU
		{B4C117D4-E137-4473-8539-276C04886C3F}.Release|Any CPU.Build.0 = Release|Any CPU
		{571B50F6-48F2-44CF-8096-C3D52492C5F0}.Debug|Any CPU.ActiveCfg = Debug|Any CPU
		{571B50F6-48F2-44CF-8096-C3D52492C5F0}.Debug|Any CPU.Build.0 = Debug|Any CPU
		{571B50F6-48F2-44CF-8096-C3D52492C5F0}.Release|Any CPU.ActiveCfg = Release|Any CPU
		{571B50F6-48F2-44CF-8096-C3D52492C5F0}.Release|Any CPU.Build.0 = Release|Any CPU
		{C7716EA5-730E-409E-8A0B-C074A49B0E31}.Debug|Any CPU.ActiveCfg = Debug|Any CPU
		{C7716EA5-730E-409E-8A0B-C074A49B0E31}.Debug|Any CPU.Build.0 = Debug|Any CPU
		{C7716EA5-730E-409E-8A0B-C074A49B0E31}.Release|Any CPU.ActiveCfg = Release|Any CPU
		{C7716EA5-730E-409E-8A0B-C074A49B0E31}.Release|Any CPU.Build.0 = Release|Any CPU
		{6F91ACDC-AB9A-43FA-B513-C97D9B9F5A7E}.Debug|Any CPU.ActiveCfg = Debug|Any CPU
		{6F91ACDC-AB9A-43FA-B513-C97D9B9F5A7E}.Debug|Any CPU.Build.0 = Debug|Any CPU
		{6F91ACDC-AB9A-43FA-B513-C97D9B9F5A7E}.Release|Any CPU.ActiveCfg = Release|Any CPU
		{6F91ACDC-AB9A-43FA-B513-C97D9B9F5A7E}.Release|Any CPU.Build.0 = Release|Any CPU
		{F97D0AA5-07AA-4B55-9AE4-1B3DF3BE7E03}.Debug|Any CPU.ActiveCfg = Debug|Any CPU
		{F97D0AA5-07AA-4B55-9AE4-1B3DF3BE7E03}.Debug|Any CPU.Build.0 = Debug|Any CPU
		{F97D0AA5-07AA-4B55-9AE4-1B3DF3BE7E03}.Release|Any CPU.ActiveCfg = Release|Any CPU
		{F97D0AA5-07AA-4B55-9AE4-1B3DF3BE7E03}.Release|Any CPU.Build.0 = Release|Any CPU
		{9FFFB86D-88DA-4932-A408-45DA6856B2F1}.Debug|Any CPU.ActiveCfg = Debug|Any CPU
		{9FFFB86D-88DA-4932-A408-45DA6856B2F1}.Debug|Any CPU.Build.0 = Debug|Any CPU
		{9FFFB86D-88DA-4932-A408-45DA6856B2F1}.Release|Any CPU.ActiveCfg = Release|Any CPU
		{9FFFB86D-88DA-4932-A408-45DA6856B2F1}.Release|Any CPU.Build.0 = Release|Any CPU
	EndGlobalSection
	GlobalSection(SolutionProperties) = preSolution
		HideSolutionNode = FALSE
	EndGlobalSection
	GlobalSection(NestedProjects) = preSolution
		{4AF3E513-C8AC-49EE-8ACC-2793A6A3D43F} = {3C535B4F-CB17-4C78-8B73-B7B9C1107F9D}
		{2BFC22A7-AD61-4A19-9435-58957D6122E6} = {E8A7079D-3341-4A8A-81D5-089BFB118E4E}
		{1C0B9008-1DE3-46CC-B2F5-B75A49B07FD5} = {E8A7079D-3341-4A8A-81D5-089BFB118E4E}
		{D96A0FBD-CF72-44CC-9397-19979F35D5DE} = {E8A7079D-3341-4A8A-81D5-089BFB118E4E}
		{1F0E0EB8-3215-4302-8E75-F604690D225F} = {E8A7079D-3341-4A8A-81D5-089BFB118E4E}
		{62F61262-B74B-4D3E-8351-0643862580C9} = {E8A7079D-3341-4A8A-81D5-089BFB118E4E}
		{0E266689-77A9-4D1C-B94D-DE613A708492} = {2BFC22A7-AD61-4A19-9435-58957D6122E6}
		{B4C117D4-E137-4473-8539-276C04886C3F} = {1C0B9008-1DE3-46CC-B2F5-B75A49B07FD5}
		{571B50F6-48F2-44CF-8096-C3D52492C5F0} = {D96A0FBD-CF72-44CC-9397-19979F35D5DE}
		{C7716EA5-730E-409E-8A0B-C074A49B0E31} = {2BFC22A7-AD61-4A19-9435-58957D6122E6}
		{6F91ACDC-AB9A-43FA-B513-C97D9B9F5A7E} = {D96A0FBD-CF72-44CC-9397-19979F35D5DE}
		{9FFFB86D-88DA-4932-A408-45DA6856B2F1} = {E8A7079D-3341-4A8A-81D5-089BFB118E4E}
	EndGlobalSection
	GlobalSection(ExtensibilityGlobals) = postSolution
		SolutionGuid = {E51BCA3F-CC48-4DB6-B5ED-F3F761888795}
	EndGlobalSection
EndGlobal
